PODS:
  - iCarousel (1.8.3)
  - youtube-ios-player-helper (1.0.4)

DEPENDENCIES:
  - iCarousel
  - youtube-ios-player-helper

SPEC REPOS:
  trunk:
    - iCarousel
    - youtube-ios-player-helper

SPEC CHECKSUMS:
  iCarousel: d782f635afac190c49bb8ee455882284cff8b85f
  youtube-ios-player-helper: e9b97535e816db3152179d84d999bc1807ecd689

PODFILE CHECKSUM: facc0f393db85bf689c91b60932fba314035b28b

COCOAPODS: 1.11.2
